
Microsoft Visual Studio Solution File, Format Version 12.00
# Visual Studio 15
VisualStudioVersion = 15.0.26124.0
MinimumVisualStudioVersion = 15.0.26124.0
Project("{9A19103F-16F7-4668-BE54-9A1E7A4F7556}") = "NeoSharp.Application", "sources\NeoSharp.Application\NeoSharp.Application.csproj", "{C4822213-75ED-45DB-A63A-5ECA12578D31}"
EndProject
Project("{9A19103F-16F7-4668-BE54-9A1E7A4F7556}") = "NeoSharp.Types", "sources\NeoSharp.Types\NeoSharp.Types.csproj", "{6803F037-FAF1-493B-92C7-232B3205F589}"
EndProject
Project("{9A19103F-16F7-4668-BE54-9A1E7A4F7556}") = "NeoSharp.Cryptography", "sources\NeoSharp.Cryptography\NeoSharp.Cryptography.csproj", "{252B2CA4-D77D-445B-B332-555E5A067677}"
EndProject
Project("{9A19103F-16F7-4668-BE54-9A1E7A4F7556}") = "NeoSharp.Logging", "sources\NeoSharp.Logging\NeoSharp.Logging.csproj", "{C64EAB62-9A2A-48E5-9EDE-70FA993E6AAD}"
EndProject
Project("{9A19103F-16F7-4668-BE54-9A1E7A4F7556}") = "NeoSharp.Communications", "sources\NeoSharp.Communications\NeoSharp.Communications.csproj", "{1D591985-DB73-4F52-9EA6-05015DB363F9}"
EndProject
Project("{9A19103F-16F7-4668-BE54-9A1E7A4F7556}") = "NeoSharp.DbAccess", "sources\NeoSharp.DbAccess\NeoSharp.DbAccess.csproj", "{981D0D6F-BD51-45C1-AFB3-1C6F038BABDC}"
EndProject
Project("{9A19103F-16F7-4668-BE54-9A1E7A4F7556}") = "NeoSharp.Rpc", "sources\NeoSharp.Rpc\NeoSharp.Rpc.csproj", "{4DC3D46E-EA58-4C6D-ABE3-41E98D0795D7}"
EndProject
Project("{9A19103F-16F7-4668-BE54-9A1E7A4F7556}") = "NeoSharp.DependencyInjection", "sources\NeoSharp.DependencyInjection\NeoSharp.DependencyInjection.csproj", "{4A88607B-14B8-4F53-B626-B6FC5599BFB7}"
EndProject
Project("{FAE04EC0-301F-11D3-BF4B-00C04F79EFBC}") = "NeoSharp.Logging.NLog", "sources\NeoSharp.Logging.NLog\NeoSharp.Logging.NLog.csproj", "{52DF6C35-7FDC-45FF-98C9-6391F86CB210}"
EndProject
Project("{FAE04EC0-301F-11D3-BF4B-00C04F79EFBC}") = "NeoSharp.Core", "sources\NeoSharp.Core\NeoSharp.Core.csproj", "{1BCAAD76-710A-4D98-8FDD-FA30FF82E594}"
EndProject
Project("{FAE04EC0-301F-11D3-BF4B-00C04F79EFBC}") = "NeoSharp.DependencyInjection.Unity", "sources\NeoSharp.DependencyInjection.Unity\NeoSharp.DependencyInjection.Unity.csproj", "{BB4AABD3-7ED7-42A2-A335-D46E7F71488B}"
EndProject
Project("{2150E333-8FDC-42A3-9474-1A3956D46DE8}") = "tests", "tests", "{CBED77AB-2B21-4DED-88B7-7D07D8C761A2}"
EndProject
Project("{FAE04EC0-301F-11D3-BF4B-00C04F79EFBC}") = "NeoSharp.Communications.Tests", "tests\NeoSharp.Communications.Tests\NeoSharp.Communications.Tests.csproj", "{4CB68531-020B-4A42-B713-5E1C5EDDD34D}"
EndProject
Project("{FAE04EC0-301F-11D3-BF4B-00C04F79EFBC}") = "NeoSharp.TestsHelper", "tests\NeoSharp.TestsHelper\NeoSharp.TestsHelper.csproj", "{C891C1A4-8C11-4AD4-8700-5641D8C8BB70}"
EndProject
Project("{2150E333-8FDC-42A3-9474-1A3956D46DE8}") = "sources", "sources", "{C240E434-6300-40CE-923D-D59A7731588A}"
EndProject
Project("{FAE04EC0-301F-11D3-BF4B-00C04F79EFBC}") = "NeoSharp.Cryptography.BouncyCastle", "sources\NeoSharp.Cryptography.BouncyCastle\NeoSharp.Cryptography.BouncyCastle.csproj", "{796AEC93-C34C-4559-999C-DFA135375586}"
EndProject
Project("{FAE04EC0-301F-11D3-BF4B-00C04F79EFBC}") = "NeoSharp.Cryptography.BouncyCastle.Tests", "tests\NeoSharp.Cryptography.BouncyCastle.Tests\NeoSharp.Cryptography.BouncyCastle.Tests.csproj", "{E8D6D650-0B61-4743-80CB-8D60764FE8D8}"
EndProject
Project("{FAE04EC0-301F-11D3-BF4B-00C04F79EFBC}") = "NeoSharp.Serialization", "sources\NeoSharp.Serialization\NeoSharp.Serialization.csproj", "{11CA7320-5025-444E-8DBA-6547163C9A2C}"
EndProject
Global
	GlobalSection(SolutionConfigurationPlatforms) = preSolution
		Debug|Any CPU = Debug|Any CPU
		Debug|x64 = Debug|x64
		Debug|x86 = Debug|x86
		Release|Any CPU = Release|Any CPU
		Release|x64 = Release|x64
		Release|x86 = Release|x86
	EndGlobalSection
	GlobalSection(ProjectConfigurationPlatforms) = postSolution
		{C4822213-75ED-45DB-A63A-5ECA12578D31}.Debug|Any CPU.ActiveCfg = Debug|Any CPU
		{C4822213-75ED-45DB-A63A-5ECA12578D31}.Debug|Any CPU.Build.0 = Debug|Any CPU
		{C4822213-75ED-45DB-A63A-5ECA12578D31}.Debug|x64.ActiveCfg = Debug|Any CPU
		{C4822213-75ED-45DB-A63A-5ECA12578D31}.Debug|x64.Build.0 = Debug|Any CPU
		{C4822213-75ED-45DB-A63A-5ECA12578D31}.Debug|x86.ActiveCfg = Debug|Any CPU
		{C4822213-75ED-45DB-A63A-5ECA12578D31}.Debug|x86.Build.0 = Debug|Any CPU
		{C4822213-75ED-45DB-A63A-5ECA12578D31}.Release|Any CPU.ActiveCfg = Release|Any CPU
		{C4822213-75ED-45DB-A63A-5ECA12578D31}.Release|Any CPU.Build.0 = Release|Any CPU
		{C4822213-75ED-45DB-A63A-5ECA12578D31}.Release|x64.ActiveCfg = Release|Any CPU
		{C4822213-75ED-45DB-A63A-5ECA12578D31}.Release|x64.Build.0 = Release|Any CPU
		{C4822213-75ED-45DB-A63A-5ECA12578D31}.Release|x86.ActiveCfg = Release|Any CPU
		{C4822213-75ED-45DB-A63A-5ECA12578D31}.Release|x86.Build.0 = Release|Any CPU
		{6803F037-FAF1-493B-92C7-232B3205F589}.Debug|Any CPU.ActiveCfg = Debug|Any CPU
		{6803F037-FAF1-493B-92C7-232B3205F589}.Debug|Any CPU.Build.0 = Debug|Any CPU
		{6803F037-FAF1-493B-92C7-232B3205F589}.Debug|x64.ActiveCfg = Debug|Any CPU
		{6803F037-FAF1-493B-92C7-232B3205F589}.Debug|x64.Build.0 = Debug|Any CPU
		{6803F037-FAF1-493B-92C7-232B3205F589}.Debug|x86.ActiveCfg = Debug|Any CPU
		{6803F037-FAF1-493B-92C7-232B3205F589}.Debug|x86.Build.0 = Debug|Any CPU
		{6803F037-FAF1-493B-92C7-232B3205F589}.Release|Any CPU.ActiveCfg = Release|Any CPU
		{6803F037-FAF1-493B-92C7-232B3205F589}.Release|Any CPU.Build.0 = Release|Any CPU
		{6803F037-FAF1-493B-92C7-232B3205F589}.Release|x64.ActiveCfg = Release|Any CPU
		{6803F037-FAF1-493B-92C7-232B3205F589}.Release|x64.Build.0 = Release|Any CPU
		{6803F037-FAF1-493B-92C7-232B3205F589}.Release|x86.ActiveCfg = Release|Any CPU
		{6803F037-FAF1-493B-92C7-232B3205F589}.Release|x86.Build.0 = Release|Any CPU
		{252B2CA4-D77D-445B-B332-555E5A067677}.Debug|Any CPU.ActiveCfg = Debug|Any CPU
		{252B2CA4-D77D-445B-B332-555E5A067677}.Debug|Any CPU.Build.0 = Debug|Any CPU
		{252B2CA4-D77D-445B-B332-555E5A067677}.Debug|x64.ActiveCfg = Debug|Any CPU
		{252B2CA4-D77D-445B-B332-555E5A067677}.Debug|x64.Build.0 = Debug|Any CPU
		{252B2CA4-D77D-445B-B332-555E5A067677}.Debug|x86.ActiveCfg = Debug|Any CPU
		{252B2CA4-D77D-445B-B332-555E5A067677}.Debug|x86.Build.0 = Debug|Any CPU
		{252B2CA4-D77D-445B-B332-555E5A067677}.Release|Any CPU.ActiveCfg = Release|Any CPU
		{252B2CA4-D77D-445B-B332-555E5A067677}.Release|Any CPU.Build.0 = Release|Any CPU
		{252B2CA4-D77D-445B-B332-555E5A067677}.Release|x64.ActiveCfg = Release|Any CPU
		{252B2CA4-D77D-445B-B332-555E5A067677}.Release|x64.Build.0 = Release|Any CPU
		{252B2CA4-D77D-445B-B332-555E5A067677}.Release|x86.ActiveCfg = Release|Any CPU
		{252B2CA4-D77D-445B-B332-555E5A067677}.Release|x86.Build.0 = Release|Any CPU
		{C64EAB62-9A2A-48E5-9EDE-70FA993E6AAD}.Debug|Any CPU.ActiveCfg = Debug|Any CPU
		{C64EAB62-9A2A-48E5-9EDE-70FA993E6AAD}.Debug|Any CPU.Build.0 = Debug|Any CPU
		{C64EAB62-9A2A-48E5-9EDE-70FA993E6AAD}.Debug|x64.ActiveCfg = Debug|Any CPU
		{C64EAB62-9A2A-48E5-9EDE-70FA993E6AAD}.Debug|x64.Build.0 = Debug|Any CPU
		{C64EAB62-9A2A-48E5-9EDE-70FA993E6AAD}.Debug|x86.ActiveCfg = Debug|Any CPU
		{C64EAB62-9A2A-48E5-9EDE-70FA993E6AAD}.Debug|x86.Build.0 = Debug|Any CPU
		{C64EAB62-9A2A-48E5-9EDE-70FA993E6AAD}.Release|Any CPU.ActiveCfg = Release|Any CPU
		{C64EAB62-9A2A-48E5-9EDE-70FA993E6AAD}.Release|Any CPU.Build.0 = Release|Any CPU
		{C64EAB62-9A2A-48E5-9EDE-70FA993E6AAD}.Release|x64.ActiveCfg = Release|Any CPU
		{C64EAB62-9A2A-48E5-9EDE-70FA993E6AAD}.Release|x64.Build.0 = Release|Any CPU
		{C64EAB62-9A2A-48E5-9EDE-70FA993E6AAD}.Release|x86.ActiveCfg = Release|Any CPU
		{C64EAB62-9A2A-48E5-9EDE-70FA993E6AAD}.Release|x86.Build.0 = Release|Any CPU
		{1D591985-DB73-4F52-9EA6-05015DB363F9}.Debug|Any CPU.ActiveCfg = Debug|Any CPU
		{1D591985-DB73-4F52-9EA6-05015DB363F9}.Debug|Any CPU.Build.0 = Debug|Any CPU
		{1D591985-DB73-4F52-9EA6-05015DB363F9}.Debug|x64.ActiveCfg = Debug|Any CPU
		{1D591985-DB73-4F52-9EA6-05015DB363F9}.Debug|x64.Build.0 = Debug|Any CPU
		{1D591985-DB73-4F52-9EA6-05015DB363F9}.Debug|x86.ActiveCfg = Debug|Any CPU
		{1D591985-DB73-4F52-9EA6-05015DB363F9}.Debug|x86.Build.0 = Debug|Any CPU
		{1D591985-DB73-4F52-9EA6-05015DB363F9}.Release|Any CPU.ActiveCfg = Release|Any CPU
		{1D591985-DB73-4F52-9EA6-05015DB363F9}.Release|Any CPU.Build.0 = Release|Any CPU
		{1D591985-DB73-4F52-9EA6-05015DB363F9}.Release|x64.ActiveCfg = Release|Any CPU
		{1D591985-DB73-4F52-9EA6-05015DB363F9}.Release|x64.Build.0 = Release|Any CPU
		{1D591985-DB73-4F52-9EA6-05015DB363F9}.Release|x86.ActiveCfg = Release|Any CPU
		{1D591985-DB73-4F52-9EA6-05015DB363F9}.Release|x86.Build.0 = Release|Any CPU
		{981D0D6F-BD51-45C1-AFB3-1C6F038BABDC}.Debug|Any CPU.ActiveCfg = Debug|Any CPU
		{981D0D6F-BD51-45C1-AFB3-1C6F038BABDC}.Debug|Any CPU.Build.0 = Debug|Any CPU
		{981D0D6F-BD51-45C1-AFB3-1C6F038BABDC}.Debug|x64.ActiveCfg = Debug|Any CPU
		{981D0D6F-BD51-45C1-AFB3-1C6F038BABDC}.Debug|x64.Build.0 = Debug|Any CPU
		{981D0D6F-BD51-45C1-AFB3-1C6F038BABDC}.Debug|x86.ActiveCfg = Debug|Any CPU
		{981D0D6F-BD51-45C1-AFB3-1C6F038BABDC}.Debug|x86.Build.0 = Debug|Any CPU
		{981D0D6F-BD51-45C1-AFB3-1C6F038BABDC}.Release|Any CPU.ActiveCfg = Release|Any CPU
		{981D0D6F-BD51-45C1-AFB3-1C6F038BABDC}.Release|Any CPU.Build.0 = Release|Any CPU
		{981D0D6F-BD51-45C1-AFB3-1C6F038BABDC}.Release|x64.ActiveCfg = Release|Any CPU
		{981D0D6F-BD51-45C1-AFB3-1C6F038BABDC}.Release|x64.Build.0 = Release|Any CPU
		{981D0D6F-BD51-45C1-AFB3-1C6F038BABDC}.Release|x86.ActiveCfg = Release|Any CPU
		{981D0D6F-BD51-45C1-AFB3-1C6F038BABDC}.Release|x86.Build.0 = Release|Any CPU
		{4DC3D46E-EA58-4C6D-ABE3-41E98D0795D7}.Debug|Any CPU.ActiveCfg = Debug|Any CPU
		{4DC3D46E-EA58-4C6D-ABE3-41E98D0795D7}.Debug|Any CPU.Build.0 = Debug|Any CPU
		{4DC3D46E-EA58-4C6D-ABE3-41E98D0795D7}.Debug|x64.ActiveCfg = Debug|Any CPU
		{4DC3D46E-EA58-4C6D-ABE3-41E98D0795D7}.Debug|x64.Build.0 = Debug|Any CPU
		{4DC3D46E-EA58-4C6D-ABE3-41E98D0795D7}.Debug|x86.ActiveCfg = Debug|Any CPU
		{4DC3D46E-EA58-4C6D-ABE3-41E98D0795D7}.Debug|x86.Build.0 = Debug|Any CPU
		{4DC3D46E-EA58-4C6D-ABE3-41E98D0795D7}.Release|Any CPU.ActiveCfg = Release|Any CPU
		{4DC3D46E-EA58-4C6D-ABE3-41E98D0795D7}.Release|Any CPU.Build.0 = Release|Any CPU
		{4DC3D46E-EA58-4C6D-ABE3-41E98D0795D7}.Release|x64.ActiveCfg = Release|Any CPU
		{4DC3D46E-EA58-4C6D-ABE3-41E98D0795D7}.Release|x64.Build.0 = Release|Any CPU
		{4DC3D46E-EA58-4C6D-ABE3-41E98D0795D7}.Release|x86.ActiveCfg = Release|Any CPU
		{4DC3D46E-EA58-4C6D-ABE3-41E98D0795D7}.Release|x86.Build.0 = Release|Any CPU
		{4A88607B-14B8-4F53-B626-B6FC5599BFB7}.Debug|Any CPU.ActiveCfg = Debug|Any CPU
		{4A88607B-14B8-4F53-B626-B6FC5599BFB7}.Debug|Any CPU.Build.0 = Debug|Any CPU
		{4A88607B-14B8-4F53-B626-B6FC5599BFB7}.Debug|x64.ActiveCfg = Debug|Any CPU
		{4A88607B-14B8-4F53-B626-B6FC5599BFB7}.Debug|x64.Build.0 = Debug|Any CPU
		{4A88607B-14B8-4F53-B626-B6FC5599BFB7}.Debug|x86.ActiveCfg = Debug|Any CPU
		{4A88607B-14B8-4F53-B626-B6FC5599BFB7}.Debug|x86.Build.0 = Debug|Any CPU
		{4A88607B-14B8-4F53-B626-B6FC5599BFB7}.Release|Any CPU.ActiveCfg = Release|Any CPU
		{4A88607B-14B8-4F53-B626-B6FC5599BFB7}.Release|Any CPU.Build.0 = Release|Any CPU
		{4A88607B-14B8-4F53-B626-B6FC5599BFB7}.Release|x64.ActiveCfg = Release|Any CPU
		{4A88607B-14B8-4F53-B626-B6FC5599BFB7}.Release|x64.Build.0 = Release|Any CPU
		{4A88607B-14B8-4F53-B626-B6FC5599BFB7}.Release|x86.ActiveCfg = Release|Any CPU
		{4A88607B-14B8-4F53-B626-B6FC5599BFB7}.Release|x86.Build.0 = Release|Any CPU
		{52DF6C35-7FDC-45FF-98C9-6391F86CB210}.Debug|Any CPU.ActiveCfg = Debug|Any CPU
		{52DF6C35-7FDC-45FF-98C9-6391F86CB210}.Debug|Any CPU.Build.0 = Debug|Any CPU
		{52DF6C35-7FDC-45FF-98C9-6391F86CB210}.Debug|x64.ActiveCfg = Debug|Any CPU
		{52DF6C35-7FDC-45FF-98C9-6391F86CB210}.Debug|x64.Build.0 = Debug|Any CPU
		{52DF6C35-7FDC-45FF-98C9-6391F86CB210}.Debug|x86.ActiveCfg = Debug|Any CPU
		{52DF6C35-7FDC-45FF-98C9-6391F86CB210}.Debug|x86.Build.0 = Debug|Any CPU
		{52DF6C35-7FDC-45FF-98C9-6391F86CB210}.Release|Any CPU.ActiveCfg = Release|Any CPU
		{52DF6C35-7FDC-45FF-98C9-6391F86CB210}.Release|Any CPU.Build.0 = Release|Any CPU
		{52DF6C35-7FDC-45FF-98C9-6391F86CB210}.Release|x64.ActiveCfg = Release|Any CPU
		{52DF6C35-7FDC-45FF-98C9-6391F86CB210}.Release|x64.Build.0 = Release|Any CPU
		{52DF6C35-7FDC-45FF-98C9-6391F86CB210}.Release|x86.ActiveCfg = Release|Any CPU
		{52DF6C35-7FDC-45FF-98C9-6391F86CB210}.Release|x86.Build.0 = Release|Any CPU
		{1BCAAD76-710A-4D98-8FDD-FA30FF82E594}.Debug|Any CPU.ActiveCfg = Debug|Any CPU
		{1BCAAD76-710A-4D98-8FDD-FA30FF82E594}.Debug|Any CPU.Build.0 = Debug|Any CPU
		{1BCAAD76-710A-4D98-8FDD-FA30FF82E594}.Debug|x64.ActiveCfg = Debug|Any CPU
		{1BCAAD76-710A-4D98-8FDD-FA30FF82E594}.Debug|x64.Build.0 = Debug|Any CPU
		{1BCAAD76-710A-4D98-8FDD-FA30FF82E594}.Debug|x86.ActiveCfg = Debug|Any CPU
		{1BCAAD76-710A-4D98-8FDD-FA30FF82E594}.Debug|x86.Build.0 = Debug|Any CPU
		{1BCAAD76-710A-4D98-8FDD-FA30FF82E594}.Release|Any CPU.ActiveCfg = Release|Any CPU
		{1BCAAD76-710A-4D98-8FDD-FA30FF82E594}.Release|Any CPU.Build.0 = Release|Any CPU
		{1BCAAD76-710A-4D98-8FDD-FA30FF82E594}.Release|x64.ActiveCfg = Release|Any CPU
		{1BCAAD76-710A-4D98-8FDD-FA30FF82E594}.Release|x64.Build.0 = Release|Any CPU
		{1BCAAD76-710A-4D98-8FDD-FA30FF82E594}.Release|x86.ActiveCfg = Release|Any CPU
		{1BCAAD76-710A-4D98-8FDD-FA30FF82E594}.Release|x86.Build.0 = Release|Any CPU
		{BB4AABD3-7ED7-42A2-A335-D46E7F71488B}.Debug|Any CPU.ActiveCfg = Debug|Any CPU
		{BB4AABD3-7ED7-42A2-A335-D46E7F71488B}.Debug|Any CPU.Build.0 = Debug|Any CPU
		{BB4AABD3-7ED7-42A2-A335-D46E7F71488B}.Debug|x64.ActiveCfg = Debug|Any CPU
		{BB4AABD3-7ED7-42A2-A335-D46E7F71488B}.Debug|x64.Build.0 = Debug|Any CPU
		{BB4AABD3-7ED7-42A2-A335-D46E7F71488B}.Debug|x86.ActiveCfg = Debug|Any CPU
		{BB4AABD3-7ED7-42A2-A335-D46E7F71488B}.Debug|x86.Build.0 = Debug|Any CPU
		{BB4AABD3-7ED7-42A2-A335-D46E7F71488B}.Release|Any CPU.ActiveCfg = Release|Any CPU
		{BB4AABD3-7ED7-42A2-A335-D46E7F71488B}.Release|Any CPU.Build.0 = Release|Any CPU
		{BB4AABD3-7ED7-42A2-A335-D46E7F71488B}.Release|x64.ActiveCfg = Release|Any CPU
		{BB4AABD3-7ED7-42A2-A335-D46E7F71488B}.Release|x64.Build.0 = Release|Any CPU
		{BB4AABD3-7ED7-42A2-A335-D46E7F71488B}.Release|x86.ActiveCfg = Release|Any CPU
		{BB4AABD3-7ED7-42A2-A335-D46E7F71488B}.Release|x86.Build.0 = Release|Any CPU
		{4CB68531-020B-4A42-B713-5E1C5EDDD34D}.Debug|Any CPU.ActiveCfg = Debug|Any CPU
		{4CB68531-020B-4A42-B713-5E1C5EDDD34D}.Debug|Any CPU.Build.0 = Debug|Any CPU
		{4CB68531-020B-4A42-B713-5E1C5EDDD34D}.Debug|x64.ActiveCfg = Debug|Any CPU
		{4CB68531-020B-4A42-B713-5E1C5EDDD34D}.Debug|x64.Build.0 = Debug|Any CPU
		{4CB68531-020B-4A42-B713-5E1C5EDDD34D}.Debug|x86.ActiveCfg = Debug|Any CPU
		{4CB68531-020B-4A42-B713-5E1C5EDDD34D}.Debug|x86.Build.0 = Debug|Any CPU
		{4CB68531-020B-4A42-B713-5E1C5EDDD34D}.Release|Any CPU.ActiveCfg = Release|Any CPU
		{4CB68531-020B-4A42-B713-5E1C5EDDD34D}.Release|Any CPU.Build.0 = Release|Any CPU
		{4CB68531-020B-4A42-B713-5E1C5EDDD34D}.Release|x64.ActiveCfg = Release|Any CPU
		{4CB68531-020B-4A42-B713-5E1C5EDDD34D}.Release|x64.Build.0 = Release|Any CPU
		{4CB68531-020B-4A42-B713-5E1C5EDDD34D}.Release|x86.ActiveCfg = Release|Any CPU
		{4CB68531-020B-4A42-B713-5E1C5EDDD34D}.Release|x86.Build.0 = Release|Any CPU
		{C891C1A4-8C11-4AD4-8700-5641D8C8BB70}.Debug|Any CPU.ActiveCfg = Debug|Any CPU
		{C891C1A4-8C11-4AD4-8700-5641D8C8BB70}.Debug|Any CPU.Build.0 = Debug|Any CPU
		{C891C1A4-8C11-4AD4-8700-5641D8C8BB70}.Debug|x64.ActiveCfg = Debug|Any CPU
		{C891C1A4-8C11-4AD4-8700-5641D8C8BB70}.Debug|x64.Build.0 = Debug|Any CPU
		{C891C1A4-8C11-4AD4-8700-5641D8C8BB70}.Debug|x86.ActiveCfg = Debug|Any CPU
		{C891C1A4-8C11-4AD4-8700-5641D8C8BB70}.Debug|x86.Build.0 = Debug|Any CPU
		{C891C1A4-8C11-4AD4-8700-5641D8C8BB70}.Release|Any CPU.ActiveCfg = Release|Any CPU
		{C891C1A4-8C11-4AD4-8700-5641D8C8BB70}.Release|Any CPU.Build.0 = Release|Any CPU
		{C891C1A4-8C11-4AD4-8700-5641D8C8BB70}.Release|x64.ActiveCfg = Release|Any CPU
		{C891C1A4-8C11-4AD4-8700-5641D8C8BB70}.Release|x64.Build.0 = Release|Any CPU
		{C891C1A4-8C11-4AD4-8700-5641D8C8BB70}.Release|x86.ActiveCfg = Release|Any CPU
		{C891C1A4-8C11-4AD4-8700-5641D8C8BB70}.Release|x86.Build.0 = Release|Any CPU
		{796AEC93-C34C-4559-999C-DFA135375586}.Debug|Any CPU.ActiveCfg = Debug|Any CPU
		{796AEC93-C34C-4559-999C-DFA135375586}.Debug|Any CPU.Build.0 = Debug|Any CPU
		{796AEC93-C34C-4559-999C-DFA135375586}.Debug|x64.ActiveCfg = Debug|Any CPU
		{796AEC93-C34C-4559-999C-DFA135375586}.Debug|x64.Build.0 = Debug|Any CPU
		{796AEC93-C34C-4559-999C-DFA135375586}.Debug|x86.ActiveCfg = Debug|Any CPU
		{796AEC93-C34C-4559-999C-DFA135375586}.Debug|x86.Build.0 = Debug|Any CPU
		{796AEC93-C34C-4559-999C-DFA135375586}.Release|Any CPU.ActiveCfg = Release|Any CPU
		{796AEC93-C34C-4559-999C-DFA135375586}.Release|Any CPU.Build.0 = Release|Any CPU
		{796AEC93-C34C-4559-999C-DFA135375586}.Release|x64.ActiveCfg = Release|Any CPU
		{796AEC93-C34C-4559-999C-DFA135375586}.Release|x64.Build.0 = Release|Any CPU
		{796AEC93-C34C-4559-999C-DFA135375586}.Release|x86.ActiveCfg = Release|Any CPU
		{796AEC93-C34C-4559-999C-DFA135375586}.Release|x86.Build.0 = Release|Any CPU
		{E8D6D650-0B61-4743-80CB-8D60764FE8D8}.Debug|Any CPU.ActiveCfg = Debug|Any CPU
		{E8D6D650-0B61-4743-80CB-8D60764FE8D8}.Debug|Any CPU.Build.0 = Debug|Any CPU
		{E8D6D650-0B61-4743-80CB-8D60764FE8D8}.Debug|x64.ActiveCfg = Debug|Any CPU
		{E8D6D650-0B61-4743-80CB-8D60764FE8D8}.Debug|x64.Build.0 = Debug|Any CPU
		{E8D6D650-0B61-4743-80CB-8D60764FE8D8}.Debug|x86.ActiveCfg = Debug|Any CPU
		{E8D6D650-0B61-4743-80CB-8D60764FE8D8}.Debug|x86.Build.0 = Debug|Any CPU
		{E8D6D650-0B61-4743-80CB-8D60764FE8D8}.Release|Any CPU.ActiveCfg = Release|Any CPU
		{E8D6D650-0B61-4743-80CB-8D60764FE8D8}.Release|Any CPU.Build.0 = Release|Any CPU
		{E8D6D650-0B61-4743-80CB-8D60764FE8D8}.Release|x64.ActiveCfg = Release|Any CPU
		{E8D6D650-0B61-4743-80CB-8D60764FE8D8}.Release|x64.Build.0 = Release|Any CPU
		{E8D6D650-0B61-4743-80CB-8D60764FE8D8}.Release|x86.ActiveCfg = Release|Any CPU
		{E8D6D650-0B61-4743-80CB-8D60764FE8D8}.Release|x86.Build.0 = Release|Any CPU
		{11CA7320-5025-444E-8DBA-6547163C9A2C}.Debug|Any CPU.ActiveCfg = Debug|Any CPU
		{11CA7320-5025-444E-8DBA-6547163C9A2C}.Debug|Any CPU.Build.0 = Debug|Any CPU
		{11CA7320-5025-444E-8DBA-6547163C9A2C}.Debug|x64.ActiveCfg = Debug|Any CPU
		{11CA7320-5025-444E-8DBA-6547163C9A2C}.Debug|x64.Build.0 = Debug|Any CPU
		{11CA7320-5025-444E-8DBA-6547163C9A2C}.Debug|x86.ActiveCfg = Debug|Any CPU
		{11CA7320-5025-444E-8DBA-6547163C9A2C}.Debug|x86.Build.0 = Debug|Any CPU
		{11CA7320-5025-444E-8DBA-6547163C9A2C}.Release|Any CPU.ActiveCfg = Release|Any CPU
		{11CA7320-5025-444E-8DBA-6547163C9A2C}.Release|Any CPU.Build.0 = Release|Any CPU
		{11CA7320-5025-444E-8DBA-6547163C9A2C}.Release|x64.ActiveCfg = Release|Any CPU
		{11CA7320-5025-444E-8DBA-6547163C9A2C}.Release|x64.Build.0 = Release|Any CPU
		{11CA7320-5025-444E-8DBA-6547163C9A2C}.Release|x86.ActiveCfg = Release|Any CPU
		{11CA7320-5025-444E-8DBA-6547163C9A2C}.Release|x86.Build.0 = Release|Any CPU
	EndGlobalSection
	GlobalSection(SolutionProperties) = preSolution
		HideSolutionNode = FALSE
	EndGlobalSection
	GlobalSection(ExtensibilityGlobals) = postSolution
		SolutionGuid = {248E7144-00B0-4E73-B95F-22C95B471196}
	EndGlobalSection
	GlobalSection(NestedProjects) = preSolution
		{4CB68531-020B-4A42-B713-5E1C5EDDD34D} = {CBED77AB-2B21-4DED-88B7-7D07D8C761A2}
		{C891C1A4-8C11-4AD4-8700-5641D8C8BB70} = {CBED77AB-2B21-4DED-88B7-7D07D8C761A2}
		{796AEC93-C34C-4559-999C-DFA135375586} = {C240E434-6300-40CE-923D-D59A7731588A}
		{E8D6D650-0B61-4743-80CB-8D60764FE8D8} = {CBED77AB-2B21-4DED-88B7-7D07D8C761A2}
		{11CA7320-5025-444E-8DBA-6547163C9A2C} = {C240E434-6300-40CE-923D-D59A7731588A}
	EndGlobalSection
EndGlobal
